
Microsoft Visual Studio Solution File, Format Version 12.00
# Visual Studio 15
VisualStudioVersion = 15.0.28307.489
MinimumVisualStudioVersion = 10.0.40219.1
Project("{FAE04EC0-301F-11D3-BF4B-00C04F79EFBC}") = "myLearnings", "myLearnings\myLearnings.csproj", "{7C99F9D5-F492-4E06-833F-86053BEFDEC8}"
EndProject
Global
	GlobalSection(SolutionConfigurationPlatforms) = preSolution
		Debug|Any CPU = Debug|Any CPU
		Release|Any CPU = Release|Any CPU
	EndGlobalSection
	GlobalSection(ProjectConfigurationPlatforms) = postSolution
		{7C99F9D5-F492-4E06-833F-86053BEFDEC8}.Debug|Any CPU.ActiveCfg = Debug|Any CPU
		{7C99F9D5-F492-4E06-833F-86053BEFDEC8}.Debug|Any CPU.Build.0 = Debug|Any CPU
		{7C99F9D5-F492-4E06-833F-86053BEFDEC8}.Release|Any CPU.ActiveCfg = Release|Any CPU
		{7C99F9D5-F492-4E06-833F-86053BEFDEC8}.Release|Any CPU.Build.0 = Release|Any CPU
	EndGlobalSection
	GlobalSection(SolutionProperties) = preSolution
		HideSolutionNode = FALSE
	EndGlobalSection
	GlobalSection(ExtensibilityGlobals) = postSolution
		SolutionGuid = {261EBB77-61A7-4BC3-9810-6AAF638C06EE}
	EndGlobalSection
EndGlobal
