
Microsoft Visual Studio Solution File, Format Version 12.00
# Visual Studio 15
VisualStudioVersion = 15.0.28307.489
MinimumVisualStudioVersion = 10.0.40219.1
Project("{FAE04EC0-301F-11D3-BF4B-00C04F79EFBC}") = "StringBuilder", "StringBuilder\StringBuilder.csproj", "{A8A51D6A-3D62-4564-9D65-F8EF502FF08A}"
EndProject
Global
	GlobalSection(SolutionConfigurationPlatforms) = preSolution
		Debug|Any CPU = Debug|Any CPU
		Release|Any CPU = Release|Any CPU
	EndGlobalSection
	GlobalSection(ProjectConfigurationPlatforms) = postSolution
		{A8A51D6A-3D62-4564-9D65-F8EF502FF08A}.Debug|Any CPU.ActiveCfg = Debug|Any CPU
		{A8A51D6A-3D62-4564-9D65-F8EF502FF08A}.Debug|Any CPU.Build.0 = Debug|Any CPU
		{A8A51D6A-3D62-4564-9D65-F8EF502FF08A}.Release|Any CPU.ActiveCfg = Release|Any CPU
		{A8A51D6A-3D62-4564-9D65-F8EF502FF08A}.Release|Any CPU.Build.0 = Release|Any CPU
	EndGlobalSection
	GlobalSection(SolutionProperties) = preSolution
		HideSolutionNode = FALSE
	EndGlobalSection
	GlobalSection(ExtensibilityGlobals) = postSolution
		SolutionGuid = {EA7993D7-FD99-48F6-B6BA-07E594B7E4A5}
	EndGlobalSection
EndGlobal
